{
  "pins" : [
    {
      "identity" : "swift-argument-parser",
      "kind" : "remoteSourceControl",
      "location" : "https://github.com/apple/swift-argument-parser",
      "state" : {
        "revision" : "8f4d2753f0e4778c76d5f05ad16c74f707390531",
        "version" : "1.2.3"
      }
    },
    {
      "identity" : "swiftxmlrpc",
      "kind" : "remoteSourceControl",
      "location" : "https://github.com/helje5/SwiftXmlRpc.git",
      "state" : {
        "revision" : "be525dff74501f447290b1473861340f7fe416dd",
        "version" : "0.8.7"
      }
    }
  ],
  "version" : 2
}
